
Microsoft Visual Studio Solution File, Format Version 12.00
# Visual Studio Version 16
VisualStudioVersion = 16.0.32106.194
MinimumVisualStudioVersion = 10.0.40219.1
Project("{FAE04EC0-301F-11D3-BF4B-00C04F79EFBC}") = "ExamWeb", "ExamWeb.csproj", "{7FE08480-F6CC-4428-A182-456AC7DFE719}"
EndProject
Global
	GlobalSection(SolutionConfigurationPlatforms) = preSolution
		Debug|Any CPU = Debug|Any CPU
		Release|Any CPU = Release|Any CPU
	EndGlobalSection
	GlobalSection(ProjectConfigurationPlatforms) = postSolution
		{7FE08480-F6CC-4428-A182-456AC7DFE719}.Debug|Any CPU.ActiveCfg = Debug|Any CPU
		{7FE08480-F6CC-4428-A182-456AC7DFE719}.Debug|Any CPU.Build.0 = Debug|Any CPU
		{7FE08480-F6CC-4428-A182-456AC7DFE719}.Release|Any CPU.ActiveCfg = Release|Any CPU
		{7FE08480-F6CC-4428-A182-456AC7DFE719}.Release|Any CPU.Build.0 = Release|Any CPU
	EndGlobalSection
	GlobalSection(SolutionProperties) = preSolution
		HideSolutionNode = FALSE
	EndGlobalSection
	GlobalSection(ExtensibilityGlobals) = postSolution
		SolutionGuid = {6A7D0244-0EFA-4274-842F-8ACE835BE5B9}
	EndGlobalSection
EndGlobal
